
Microsoft Visual Studio Solution File, Format Version 12.00
# Visual Studio Version 16
VisualStudioVersion = 16.0.30114.105
MinimumVisualStudioVersion = 10.0.40219.1
Project("{2150E333-8FDC-42A3-9474-1A3956D46DE8}") = "src", "src", "{E5D96605-1FE4-4BB5-BFEC-DDF5D2675490}"
EndProject
Project("{FAE04EC0-301F-11D3-BF4B-00C04F79EFBC}") = "Samples.Contracts", "src\Samples.Contracts\Samples.Contracts.csproj", "{82FD34D6-3561-4209-AE3A-342F797C9B28}"
EndProject
Project("{FAE04EC0-301F-11D3-BF4B-00C04F79EFBC}") = "Samples.Services", "src\Samples.Services\Samples.Services.csproj", "{30B6961E-A2DF-46BA-9155-589B8B0CE3A0}"
EndProject
Project("{FAE04EC0-301F-11D3-BF4B-00C04F79EFBC}") = "Samples.Functions.EventBased", "src\Samples.Functions.EventBased\Samples.Functions.EventBased.csproj", "{832B3238-84BC-459F-9255-833DFC2EB9C6}"
EndProject
Project("{FAE04EC0-301F-11D3-BF4B-00C04F79EFBC}") = "Samples.Messages.Sender", "src\Samples.Messages.Sender\Samples.Messages.Sender.csproj", "{00D74566-7241-41A8-9E4A-359023FDEC5C}"
EndProject
Global
	GlobalSection(SolutionConfigurationPlatforms) = preSolution
		Debug|Any CPU = Debug|Any CPU
		Release|Any CPU = Release|Any CPU
	EndGlobalSection
	GlobalSection(SolutionProperties) = preSolution
		HideSolutionNode = FALSE
	EndGlobalSection
	GlobalSection(ProjectConfigurationPlatforms) = postSolution
		{82FD34D6-3561-4209-AE3A-342F797C9B28}.Debug|Any CPU.ActiveCfg = Debug|Any CPU
		{82FD34D6-3561-4209-AE3A-342F797C9B28}.Debug|Any CPU.Build.0 = Debug|Any CPU
		{82FD34D6-3561-4209-AE3A-342F797C9B28}.Release|Any CPU.ActiveCfg = Release|Any CPU
		{82FD34D6-3561-4209-AE3A-342F797C9B28}.Release|Any CPU.Build.0 = Release|Any CPU
		{30B6961E-A2DF-46BA-9155-589B8B0CE3A0}.Debug|Any CPU.ActiveCfg = Debug|Any CPU
		{30B6961E-A2DF-46BA-9155-589B8B0CE3A0}.Debug|Any CPU.Build.0 = Debug|Any CPU
		{30B6961E-A2DF-46BA-9155-589B8B0CE3A0}.Release|Any CPU.ActiveCfg = Release|Any CPU
		{30B6961E-A2DF-46BA-9155-589B8B0CE3A0}.Release|Any CPU.Build.0 = Release|Any CPU
		{832B3238-84BC-459F-9255-833DFC2EB9C6}.Debug|Any CPU.ActiveCfg = Debug|Any CPU
		{832B3238-84BC-459F-9255-833DFC2EB9C6}.Debug|Any CPU.Build.0 = Debug|Any CPU
		{832B3238-84BC-459F-9255-833DFC2EB9C6}.Release|Any CPU.ActiveCfg = Release|Any CPU
		{832B3238-84BC-459F-9255-833DFC2EB9C6}.Release|Any CPU.Build.0 = Release|Any CPU
		{00D74566-7241-41A8-9E4A-359023FDEC5C}.Debug|Any CPU.ActiveCfg = Debug|Any CPU
		{00D74566-7241-41A8-9E4A-359023FDEC5C}.Debug|Any CPU.Build.0 = Debug|Any CPU
		{00D74566-7241-41A8-9E4A-359023FDEC5C}.Release|Any CPU.ActiveCfg = Release|Any CPU
		{00D74566-7241-41A8-9E4A-359023FDEC5C}.Release|Any CPU.Build.0 = Release|Any CPU
	EndGlobalSection
	GlobalSection(NestedProjects) = preSolution
		{82FD34D6-3561-4209-AE3A-342F797C9B28} = {E5D96605-1FE4-4BB5-BFEC-DDF5D2675490}
		{30B6961E-A2DF-46BA-9155-589B8B0CE3A0} = {E5D96605-1FE4-4BB5-BFEC-DDF5D2675490}
		{832B3238-84BC-459F-9255-833DFC2EB9C6} = {E5D96605-1FE4-4BB5-BFEC-DDF5D2675490}
		{00D74566-7241-41A8-9E4A-359023FDEC5C} = {E5D96605-1FE4-4BB5-BFEC-DDF5D2675490}
	EndGlobalSection
EndGlobal
