
Microsoft Visual Studio Solution File, Format Version 12.00
# Visual Studio Version 17
VisualStudioVersion = 17.0.32112.339
MinimumVisualStudioVersion = 10.0.40219.1
Project("{9A19103F-16F7-4668-BE54-9A1E7A4F7556}") = "Samples.Functions.EventBased", "Samples.Functions.EventBased\Samples.Functions.EventBased.csproj", "{F22DE231-D155-4721-A5B7-6FB3B717C0DB}"
EndProject
Global
	GlobalSection(SolutionConfigurationPlatforms) = preSolution
		Debug|Any CPU = Debug|Any CPU
		Release|Any CPU = Release|Any CPU
	EndGlobalSection
	GlobalSection(ProjectConfigurationPlatforms) = postSolution
		{F22DE231-D155-4721-A5B7-6FB3B717C0DB}.Debug|Any CPU.ActiveCfg = Debug|Any CPU
		{F22DE231-D155-4721-A5B7-6FB3B717C0DB}.Debug|Any CPU.Build.0 = Debug|Any CPU
		{F22DE231-D155-4721-A5B7-6FB3B717C0DB}.Release|Any CPU.ActiveCfg = Release|Any CPU
		{F22DE231-D155-4721-A5B7-6FB3B717C0DB}.Release|Any CPU.Build.0 = Release|Any CPU
	EndGlobalSection
	GlobalSection(SolutionProperties) = preSolution
		HideSolutionNode = FALSE
	EndGlobalSection
	GlobalSection(ExtensibilityGlobals) = postSolution
		SolutionGuid = {5167C842-3A2D-40F8-9582-4813C5A047E7}
	EndGlobalSection
EndGlobal
